<?xml version="1.0" encoding="utf-8"?>
<Project ToolsVersion="4.0" xmlns="http://schemas.microsoft.com/developer/msbuild/2003">
  <ItemGroup>
    <Filter Include="Source Files">
      <UniqueIdentifier>{4FC737F1-C7A5-4376-A066-2A32D752A2FF}</UniqueIdentifier>
      <Extensions>cpp;c;cc;cxx;c++;cppm;ixx;def;odl;idl;hpj;bat;asm;asmx</Extensions>
    </Filter>
    <Filter Include="Header Files">
      <UniqueIdentifier>{93995380-89BD-4b04-88EB-625FBE52EBFB}</UniqueIdentifier>
      <Extensions>h;hh;hpp;hxx;h++;hm;inl;inc;ipp;xsd</Extensions>
    </Filter>
    <Filter Include="Resource Files">
      <UniqueIdentifier>{67DA6AB6-F800-4c08-8B7A-83BB121AAD01}</UniqueIdentifier>
      <Extensions>rc;ico;cur;bmp;dlg;rc2;rct;bin;rgs;gif;jpg;jpeg;jpe;resx;tiff;tif;png;wav;mfcribbon-ms</Extensions>
    </Filter>
  </ItemGroup>
  <ItemGroup>
    <ClCompile Include="main.cpp">
      <Filter>Source Files</Filter>
    </ClCompile>
    <ClCompile Include="include\menu.cpp">
      <Filter>Source Files</Filter>
    </ClCompile>
    <ClCompile Include="include\screens\earth_moon.cpp">
      <Filter>Source Files</Filter>
    </ClCompile>
    <ClCompile Include="include\screens\solar_system.cpp">
      <Filter>Source Files</Filter>
    </ClCompile>
    <ClCompile Include="include\scripts.cpp">
      <Filter>Source Files</Filter>
    </ClCompile>
    <ClCompile Include="include\screens\MenuScreen.cpp">
      <Filter>Source Files</Filter>
    </ClCompile>
  </ItemGroup>
  <ItemGroup>
    <Font Include="Assets\fonts\Arial.ttf" />
    <Font Include="Assets\fonts\TechMono.ttf" />
  </ItemGroup>
  <ItemGroup>
    <Image Include="Assets\planet.png">
      <Filter>Resource Files</Filter>
    </Image>
    <Image Include="Assets\background.png">
      <Filter>Resource Files</Filter>
    </Image>
    <Image Include="Assets\space.png">
      <Filter>Resource Files</Filter>
    </Image>
    <Image Include="Assets\sun.png">
      <Filter>Resource Files</Filter>
    </Image>
    <Image Include="Assets\mercurio.png">
      <Filter>Resource Files</Filter>
    </Image>
    <Image Include="Assets\terra.png">
      <Filter>Resource Files</Filter>
    </Image>
    <Image Include="Assets\sol.png">
      <Filter>Resource Files</Filter>
    </Image>
    <Image Include="Assets\planetgif.gif">
      <Filter>Resource Files</Filter>
    </Image>
    <Image Include="Assets\animate.png">
      <Filter>Resource Files</Filter>
    </Image>
    <Image Include="Assets\sun_animate.png">
      <Filter>Resource Files</Filter>
    </Image>
    <Image Include="Assets\mercurio_animate.png">
      <Filter>Resource Files</Filter>
    </Image>
    <Image Include="Assets\venus_animate.png">
      <Filter>Resource Files</Filter>
    </Image>
    <Image Include="Assets\terra_animate.png">
      <Filter>Resource Files</Filter>
    </Image>
    <Image Include="Assets\marte_animate.png">
      <Filter>Resource Files</Filter>
    </Image>
    <Image Include="Assets\asteroid.png">
      <Filter>Resource Files</Filter>
    </Image>
    <Image Include="Assets\saturn_animate.png">
      <Filter>Resource Files</Filter>
    </Image>
    <Image Include="Assets\urano_animate.png">
      <Filter>Resource Files</Filter>
    </Image>
  </ItemGroup>
  <ItemGroup>
    <ClInclude Include="include\menu.hpp">
      <Filter>Header Files</Filter>
    </ClInclude>
    <ClInclude Include="include\screens\earth_moon.hpp">
      <Filter>Header Files</Filter>
    </ClInclude>
    <ClInclude Include="include\screens\solar_system.hpp">
      <Filter>Header Files</Filter>
    </ClInclude>
    <ClInclude Include="include\screens\MenuScreen.hpp">
      <Filter>Header Files</Filter>
    </ClInclude>
  </ItemGroup>
</Project>